
Microsoft Visual Studio Solution File, Format Version 12.00
# Visual Studio Version 17
VisualStudioVersion = 17.14.36202.13 d17.14
MinimumVisualStudioVersion = 10.0.40219.1
Project("{FAE04EC0-301F-11D3-BF4B-00C04F79EFBC}") = "CarRentalSystemApp", "CarRentalSystemApp.csproj", "{7ED12E5D-D312-4D89-8BF1-2BCEA60503BD}"
EndProject
Global
	GlobalSection(SolutionConfigurationPlatforms) = preSolution
		Debug|Any CPU = Debug|Any CPU
		Release|Any CPU = Release|Any CPU
	EndGlobalSection
	GlobalSection(ProjectConfigurationPlatforms) = postSolution
		{7ED12E5D-D312-4D89-8BF1-2BCEA60503BD}.Debug|Any CPU.ActiveCfg = Debug|Any CPU
		{7ED12E5D-D312-4D89-8BF1-2BCEA60503BD}.Debug|Any CPU.Build.0 = Debug|Any CPU
		{7ED12E5D-D312-4D89-8BF1-2BCEA60503BD}.Release|Any CPU.ActiveCfg = Release|Any CPU
		{7ED12E5D-D312-4D89-8BF1-2BCEA60503BD}.Release|Any CPU.Build.0 = Release|Any CPU
	EndGlobalSection
	GlobalSection(SolutionProperties) = preSolution
		HideSolutionNode = FALSE
	EndGlobalSection
	GlobalSection(ExtensibilityGlobals) = postSolution
		SolutionGuid = {469D3606-0754-4FAD-BE1A-AF1D5453359F}
	EndGlobalSection
EndGlobal
